
Microsoft Visual Studio Solution File, Format Version 12.00
# Visual Studio Version 17
VisualStudioVersion = 17.3.32825.248
MinimumVisualStudioVersion = 10.0.40219.1
Project("{FAE04EC0-301F-11D3-BF4B-00C04F79EFBC}") = "SudokuSolver", "SudokuSolver\SudokuSolver.csproj", "{795A8358-A695-4259-BB79-45E3247B224A}"
EndProject
Project("{FAE04EC0-301F-11D3-BF4B-00C04F79EFBC}") = "SudokuTests", "SudokuTests\SudokuTests.csproj", "{97ADC5BD-99BE-41C1-8857-180F4E49261F}"
EndProject
Global
	GlobalSection(SolutionConfigurationPlatforms) = preSolution
		Debug|Any CPU = Debug|Any CPU
		Release|Any CPU = Release|Any CPU
	EndGlobalSection
	GlobalSection(ProjectConfigurationPlatforms) = postSolution
		{795A8358-A695-4259-BB79-45E3247B224A}.Debug|Any CPU.ActiveCfg = Debug|Any CPU
		{795A8358-A695-4259-BB79-45E3247B224A}.Debug|Any CPU.Build.0 = Debug|Any CPU
		{795A8358-A695-4259-BB79-45E3247B224A}.Release|Any CPU.ActiveCfg = Release|Any CPU
		{795A8358-A695-4259-BB79-45E3247B224A}.Release|Any CPU.Build.0 = Release|Any CPU
		{97ADC5BD-99BE-41C1-8857-180F4E49261F}.Debug|Any CPU.ActiveCfg = Debug|Any CPU
		{97ADC5BD-99BE-41C1-8857-180F4E49261F}.Debug|Any CPU.Build.0 = Debug|Any CPU
		{97ADC5BD-99BE-41C1-8857-180F4E49261F}.Release|Any CPU.ActiveCfg = Release|Any CPU
		{97ADC5BD-99BE-41C1-8857-180F4E49261F}.Release|Any CPU.Build.0 = Release|Any CPU
	EndGlobalSection
	GlobalSection(SolutionProperties) = preSolution
		HideSolutionNode = FALSE
	EndGlobalSection
	GlobalSection(ExtensibilityGlobals) = postSolution
		SolutionGuid = {E7F80743-8540-4C02-921E-E11586BEF894}
	EndGlobalSection
EndGlobal
